
Microsoft Visual Studio Solution File, Format Version 12.00
Project("{FAE04EC0-301F-11D3-BF4B-00C04F79EFBC}") = "DomainCraft.EFCore", "DomainCraft.EFCore\DomainCraft.EFCore.csproj", "{35B2B3A8-716E-41E0-96C4-7BD714C027CD}"
EndProject
Project("{FAE04EC0-301F-11D3-BF4B-00C04F79EFBC}") = "DomainCraft.RedisCaching", "DomainCraft.RedisCaching\DomainCraft.RedisCaching.csproj", "{1EAA8014-1B22-4040-B061-4B5CB00C0393}"
EndProject
Project("{FAE04EC0-301F-11D3-BF4B-00C04F79EFBC}") = "DomainCraft.LoggingMiddleware", "DomainCraft.LoggingMiddleware\DomainCraft.LoggingMiddleware.csproj", "{ACA0BD7B-79AD-4E13-8BA7-8753D63D376D}"
EndProject
Project("{FAE04EC0-301F-11D3-BF4B-00C04F79EFBC}") = "DomainCraft.EventBus", "DomainCraft.EventBus\DomainCraft.EventBus.csproj", "{EFB55CAE-0C72-40AE-9D05-0DF83B5EB440}"
EndProject
Project("{FAE04EC0-301F-11D3-BF4B-00C04F79EFBC}") = "DomainCraft", "DomainCraft\DomainCraft.csproj", "{D5CCE22D-36BE-49C8-8901-5AD213161F50}"
EndProject
Global
	GlobalSection(SolutionConfigurationPlatforms) = preSolution
		Debug|Any CPU = Debug|Any CPU
		Release|Any CPU = Release|Any CPU
	EndGlobalSection
	GlobalSection(ProjectConfigurationPlatforms) = postSolution
		{35B2B3A8-716E-41E0-96C4-7BD714C027CD}.Debug|Any CPU.ActiveCfg = Debug|Any CPU
		{35B2B3A8-716E-41E0-96C4-7BD714C027CD}.Debug|Any CPU.Build.0 = Debug|Any CPU
		{35B2B3A8-716E-41E0-96C4-7BD714C027CD}.Release|Any CPU.ActiveCfg = Release|Any CPU
		{35B2B3A8-716E-41E0-96C4-7BD714C027CD}.Release|Any CPU.Build.0 = Release|Any CPU
		{1EAA8014-1B22-4040-B061-4B5CB00C0393}.Debug|Any CPU.ActiveCfg = Debug|Any CPU
		{1EAA8014-1B22-4040-B061-4B5CB00C0393}.Debug|Any CPU.Build.0 = Debug|Any CPU
		{1EAA8014-1B22-4040-B061-4B5CB00C0393}.Release|Any CPU.ActiveCfg = Release|Any CPU
		{1EAA8014-1B22-4040-B061-4B5CB00C0393}.Release|Any CPU.Build.0 = Release|Any CPU
		{ACA0BD7B-79AD-4E13-8BA7-8753D63D376D}.Debug|Any CPU.ActiveCfg = Debug|Any CPU
		{ACA0BD7B-79AD-4E13-8BA7-8753D63D376D}.Debug|Any CPU.Build.0 = Debug|Any CPU
		{ACA0BD7B-79AD-4E13-8BA7-8753D63D376D}.Release|Any CPU.ActiveCfg = Release|Any CPU
		{ACA0BD7B-79AD-4E13-8BA7-8753D63D376D}.Release|Any CPU.Build.0 = Release|Any CPU
		{EFB55CAE-0C72-40AE-9D05-0DF83B5EB440}.Debug|Any CPU.ActiveCfg = Debug|Any CPU
		{EFB55CAE-0C72-40AE-9D05-0DF83B5EB440}.Debug|Any CPU.Build.0 = Debug|Any CPU
		{EFB55CAE-0C72-40AE-9D05-0DF83B5EB440}.Release|Any CPU.ActiveCfg = Release|Any CPU
		{EFB55CAE-0C72-40AE-9D05-0DF83B5EB440}.Release|Any CPU.Build.0 = Release|Any CPU
		{D5CCE22D-36BE-49C8-8901-5AD213161F50}.Debug|Any CPU.ActiveCfg = Debug|Any CPU
		{D5CCE22D-36BE-49C8-8901-5AD213161F50}.Debug|Any CPU.Build.0 = Debug|Any CPU
		{D5CCE22D-36BE-49C8-8901-5AD213161F50}.Release|Any CPU.ActiveCfg = Release|Any CPU
		{D5CCE22D-36BE-49C8-8901-5AD213161F50}.Release|Any CPU.Build.0 = Release|Any CPU
	EndGlobalSection
EndGlobal
